// !$*UTF8*$!
{
	archiveVersion = 1;
	classes = {
	};
	objectVersion = 50;
	objects = {

/* Begin PBXBuildFile section */
		DF63B398228D0AF300522E43 /* AppDelegate.swift in Sources */ = {isa = PBXBuildFile; fileRef = DF63B397228D0AF300522E43 /* AppDelegate.swift */; };
		DF63B39A228D0AF300522E43 /* MainAppViewController.swift in Sources */ = {isa = PBXBuildFile; fileRef = DF63B399228D0AF300522E43 /* MainAppViewController.swift */; };
		DF63B39D228D0AF300522E43 /* Main.storyboard in Resources */ = {isa = PBXBuildFile; fileRef = DF63B39B228D0AF300522E43 /* Main.storyboard */; };
		DF63B39F228D0AF700522E43 /* Assets.xcassets in Resources */ = {isa = PBXBuildFile; fileRef = DF63B39E228D0AF700522E43 /* Assets.xcassets */; };
		DF63B3A2228D0AF700522E43 /* LaunchScreen.storyboard in Resources */ = {isa = PBXBuildFile; fileRef = DF63B3A0228D0AF700522E43 /* LaunchScreen.storyboard */; };
		DF63B3AD228D0AF700522E43 /* ToDoAppTests.swift in Sources */ = {isa = PBXBuildFile; fileRef = DF63B3AC228D0AF700522E43 /* ToDoAppTests.swift */; };
		DF9C5D69228DDBCF0035296A /* TaskCreationViewController.swift in Sources */ = {isa = PBXBuildFile; fileRef = DF9C5D68228DDBCF0035296A /* TaskCreationViewController.swift */; };
		DF9C5D6B228DDC4F0035296A /* TaskListTableViewController.swift in Sources */ = {isa = PBXBuildFile; fileRef = DF9C5D6A228DDC4F0035296A /* TaskListTableViewController.swift */; };
		DF9C5D6D228DDEA70035296A /* Task.swift in Sources */ = {isa = PBXBuildFile; fileRef = DF9C5D6C228DDEA70035296A /* Task.swift */; };
		DF9C5D6F228DDECF0035296A /* TaskStorage.swift in Sources */ = {isa = PBXBuildFile; fileRef = DF9C5D6E228DDECF0035296A /* TaskStorage.swift */; };
		DF9C5D71228DDEE40035296A /* TaskCell.swift in Sources */ = {isa = PBXBuildFile; fileRef = DF9C5D70228DDEE40035296A /* TaskCell.swift */; };
		DF9C5D73228DEFB70035296A /* EditTask.swift in Sources */ = {isa = PBXBuildFile; fileRef = DF9C5D72228DEFB70035296A /* EditTask.swift */; };
/* End PBXBuildFile section */

/* Begin PBXContainerItemProxy section */
		DF63B3A9228D0AF700522E43 /* PBXContainerItemProxy */ = {
			isa = PBXContainerItemProxy;
			containerPortal = DF63B38C228D0AF300522E43 /* Project object */;
			proxyType = 1;
			remoteGlobalIDString = DF63B393228D0AF300522E43;
			remoteInfo = ToDoApp;
		};
/* End PBXContainerItemProxy section */

/* Begin PBXFileReference section */
		DF63B394228D0AF300522E43 /* ToDoApp.app */ = {isa = PBXFileReference; explicitFileType = wrapper.application; includeInIndex = 0; path = ToDoApp.app; sourceTree = BUILT_PRODUCTS_DIR; };
		DF63B397228D0AF300522E43 /* AppDelegate.swift */ = {isa = PBXFileReference; lastKnownFileType = sourcecode.swift; path = AppDelegate.swift; sourceTree = "<group>"; };
		DF63B399228D0AF300522E43 /* MainAppViewController.swift */ = {isa = PBXFileReference; lastKnownFileType = sourcecode.swift; path = MainAppViewController.swift; sourceTree = "<group>"; };
		DF63B39C228D0AF300522E43 /* Base */ = {isa = PBXFileReference; lastKnownFileType = file.storyboard; name = Base; path = Base.lproj/Main.storyboard; sourceTree = "<group>"; };
		DF63B39E228D0AF700522E43 /* Assets.xcassets */ = {isa = PBXFileReference; lastKnownFileType = folder.assetcatalog; path = Assets.xcassets; sourceTree = "<group>"; };
		DF63B3A1228D0AF700522E43 /* Base */ = {isa = PBXFileReference; lastKnownFileType = file.storyboard; name = Base; path = Base.lproj/LaunchScreen.storyboard; sourceTree = "<group>"; };
		DF63B3A3228D0AF700522E43 /* Info.plist */ = {isa = PBXFileReference; lastKnownFileType = text.plist.xml; path = Info.plist; sourceTree = "<group>"; };
		DF63B3A8228D0AF700522E43 /* ToDoAppTests.xctest */ = {isa = PBXFileReference; explicitFileType = wrapper.cfbundle; includeInIndex = 0; path = ToDoAppTests.xctest; sourceTree = BUILT_PRODUCTS_DIR; };
		DF63B3AC228D0AF700522E43 /* ToDoAppTests.swift */ = {isa = PBXFileReference; lastKnownFileType = sourcecode.swift; path = ToDoAppTests.swift; sourceTree = "<group>"; };
		DF63B3AE228D0AF700522E43 /* Info.plist */ = {isa = PBXFileReference; lastKnownFileType = text.plist.xml; path = Info.plist; sourceTree = "<group>"; };
		DF9C5D68228DDBCF0035296A /* TaskCreationViewController.swift */ = {isa = PBXFileReference; lastKnownFileType = sourcecode.swift; path = TaskCreationViewController.swift; sourceTree = "<group>"; };
		DF9C5D6A228DDC4F0035296A /* TaskListTableViewController.swift */ = {isa = PBXFileReference; lastKnownFileType = sourcecode.swift; path = TaskListTableViewController.swift; sourceTree = "<group>"; };
		DF9C5D6C228DDEA70035296A /* Task.swift */ = {isa = PBXFileReference; lastKnownFileType = sourcecode.swift; path = Task.swift; sourceTree = "<group>"; };
		DF9C5D6E228DDECF0035296A /* TaskStorage.swift */ = {isa = PBXFileReference; lastKnownFileType = sourcecode.swift; path = TaskStorage.swift; sourceTree = "<group>"; };
		DF9C5D70228DDEE40035296A /* TaskCell.swift */ = {isa = PBXFileReference; lastKnownFileType = sourcecode.swift; path = TaskCell.swift; sourceTree = "<group>"; };
		DF9C5D72228DEFB70035296A /* EditTask.swift */ = {isa = PBXFileReference; lastKnownFileType = sourcecode.swift; path = EditTask.swift; sourceTree = "<group>"; };
/* End PBXFileReference section */

/* Begin PBXFrameworksBuildPhase section */
		DF63B391228D0AF300522E43 /* Frameworks */ = {
			isa = PBXFrameworksBuildPhase;
			buildActionMask = 2147483647;
			files = (
			);
			runOnlyForDeploymentPostprocessing = 0;
		};
		DF63B3A5228D0AF700522E43 /* Frameworks */ = {
			isa = PBXFrameworksBuildPhase;
			buildActionMask = 2147483647;
			files = (
			);
			runOnlyForDeploymentPostprocessing = 0;
		};
/* End PBXFrameworksBuildPhase section */

/* Begin PBXGroup section */
		DF63B38B228D0AF300522E43 = {
			isa = PBXGroup;
			children = (
				DF63B396228D0AF300522E43 /* ToDoApp */,
				DF63B3AB228D0AF700522E43 /* ToDoAppTests */,
				DF63B395228D0AF300522E43 /* Products */,
			);
			sourceTree = "<group>";
		};
		DF63B395228D0AF300522E43 /* Products */ = {
			isa = PBXGroup;
			children = (
				DF63B394228D0AF300522E43 /* ToDoApp.app */,
				DF63B3A8228D0AF700522E43 /* ToDoAppTests.xctest */,
			);
			name = Products;
			sourceTree = "<group>";
		};
		DF63B396228D0AF300522E43 /* ToDoApp */ = {
			isa = PBXGroup;
			children = (
				DF63B397228D0AF300522E43 /* AppDelegate.swift */,
				DF63B399228D0AF300522E43 /* MainAppViewController.swift */,
				DF63B39B228D0AF300522E43 /* Main.storyboard */,
				DF9C5D68228DDBCF0035296A /* TaskCreationViewController.swift */,
				DF63B39E228D0AF700522E43 /* Assets.xcassets */,
				DF9C5D6A228DDC4F0035296A /* TaskListTableViewController.swift */,
				DF9C5D6E228DDECF0035296A /* TaskStorage.swift */,
				DF63B3A0228D0AF700522E43 /* LaunchScreen.storyboard */,
				DF9C5D72228DEFB70035296A /* EditTask.swift */,
				DF9C5D6C228DDEA70035296A /* Task.swift */,
				DF9C5D70228DDEE40035296A /* TaskCell.swift */,
				DF63B3A3228D0AF700522E43 /* Info.plist */,
			);
			path = ToDoApp;
			sourceTree = "<group>";
		};
		DF63B3AB228D0AF700522E43 /* ToDoAppTests */ = {
			isa = PBXGroup;
			children = (
				DF63B3AC228D0AF700522E43 /* ToDoAppTests.swift */,
				DF63B3AE228D0AF700522E43 /* Info.plist */,
			);
			path = ToDoAppTests;
			sourceTree = "<group>";
		};
/* End PBXGroup section */

/* Begin PBXNativeTarget section */
		DF63B393228D0AF300522E43 /* ToDoApp */ = {
			isa = PBXNativeTarget;
			buildConfigurationList = DF63B3B1228D0AF700522E43 /* Build configuration list for PBXNativeTarget "ToDoApp" */;
			buildPhases = (
				DF63B390228D0AF300522E43 /* Sources */,
				DF63B391228D0AF300522E43 /* Frameworks */,
				DF63B392228D0AF300522E43 /* Resources */,
			);
			buildRules = (
			);
			dependencies = (
			);
			name = ToDoApp;
			productName = ToDoApp;
			productReference = DF63B394228D0AF300522E43 /* ToDoApp.app */;
			productType = "com.apple.product-type.application";
		};
		DF63B3A7228D0AF700522E43 /* ToDoAppTests */ = {
			isa = PBXNativeTarget;
			buildConfigurationList = DF63B3B4228D0AF700522E43 /* Build configuration list for PBXNativeTarget "ToDoAppTests" */;
			buildPhases = (
				DF63B3A4228D0AF700522E43 /* Sources */,
				DF63B3A5228D0AF700522E43 /* Frameworks */,
				DF63B3A6228D0AF700522E43 /* Resources */,
			);
			buildRules = (
			);
			dependencies = (
				DF63B3AA228D0AF700522E43 /* PBXTargetDependency */,
			);
			name = ToDoAppTests;
			productName = ToDoAppTests;
			productReference = DF63B3A8228D0AF700522E43 /* ToDoAppTests.xctest */;
			productType = "com.apple.product-type.bundle.unit-test";
		};
/* End PBXNativeTarget section */

/* Begin PBXProject section */
		DF63B38C228D0AF300522E43 /* Project object */ = {
			isa = PBXProject;
			attributes = {
				LastSwiftUpdateCheck = 1020;
				LastUpgradeCheck = 1020;
				ORGANIZATIONNAME = "Junwei Liang";
				TargetAttributes = {
					DF63B393228D0AF300522E43 = {
						CreatedOnToolsVersion = 10.2.1;
					};
					DF63B3A7228D0AF700522E43 = {
						CreatedOnToolsVersion = 10.2.1;
						TestTargetID = DF63B393228D0AF300522E43;
					};
				};
			};
			buildConfigurationList = DF63B38F228D0AF300522E43 /* Build configuration list for PBXProject "ToDoApp" */;
			compatibilityVersion = "Xcode 9.3";
			developmentRegion = en;
			hasScannedForEncodings = 0;
			knownRegions = (
				en,
				Base,
			);
			mainGroup = DF63B38B228D0AF300522E43;
			productRefGroup = DF63B395228D0AF300522E43 /* Products */;
			projectDirPath = "";
			projectRoot = "";
			targets = (
				DF63B393228D0AF300522E43 /* ToDoApp */,
				DF63B3A7228D0AF700522E43 /* ToDoAppTests */,
			);
		};
/* End PBXProject section */

/* Begin PBXResourcesBuildPhase section */
		DF63B392228D0AF300522E43 /* Resources */ = {
			isa = PBXResourcesBuildPhase;
			buildActionMask = 2147483647;
			files = (
				DF63B3A2228D0AF700522E43 /* LaunchScreen.storyboard in Resources */,
				DF63B39F228D0AF700522E43 /* Assets.xcassets in Resources */,
				DF63B39D228D0AF300522E43 /* Main.storyboard in Resources */,
			);
			runOnlyForDeploymentPostprocessing = 0;
		};
		DF63B3A6228D0AF700522E43 /* Resources */ = {
			isa = PBXResourcesBuildPhase;
			buildActionMask = 2147483647;
			files = (
			);
			runOnlyForDeploymentPostprocessing = 0;
		};
/* End PBXResourcesBuildPhase section */

/* Begin PBXSourcesBuildPhase section */
		DF63B390228D0AF300522E43 /* Sources */ = {
			isa = PBXSourcesBuildPhase;
			buildActionMask = 2147483647;
			files = (
				DF63B39A228D0AF300522E43 /* MainAppViewController.swift in Sources */,
				DF9C5D71228DDEE40035296A /* TaskCell.swift in Sources */,
				DF9C5D73228DEFB70035296A /* EditTask.swift in Sources */,
				DF9C5D69228DDBCF0035296A /* TaskCreationViewController.swift in Sources */,
				DF9C5D6F228DDECF0035296A /* TaskStorage.swift in Sources */,
				DF9C5D6D228DDEA70035296A /* Task.swift in Sources */,
				DF9C5D6B228DDC4F0035296A /* TaskListTableViewController.swift in Sources */,
				DF63B398228D0AF300522E43 /* AppDelegate.swift in Sources */,
			);
			runOnlyForDeploymentPostprocessing = 0;
		};
		DF63B3A4228D0AF700522E43 /* Sources */ = {
			isa = PBXSourcesBuildPhase;
			buildActionMask = 2147483647;
			files = (
				DF63B3AD228D0AF700522E43 /* ToDoAppTests.swift in Sources */,
			);
			runOnlyForDeploymentPostprocessing = 0;
		};
/* End PBXSourcesBuildPhase section */

/* Begin PBXTargetDependency section */
		DF63B3AA228D0AF700522E43 /* PBXTargetDependency */ = {
			isa = PBXTargetDependency;
			target = DF63B393228D0AF300522E43 /* ToDoApp */;
			targetProxy = DF63B3A9228D0AF700522E43 /* PBXContainerItemProxy */;
		};
/* End PBXTargetDependency section */

/* Begin PBXVariantGroup section */
		DF63B39B228D0AF300522E43 /* Main.storyboard */ = {
			isa = PBXVariantGroup;
			children = (
				DF63B39C228D0AF300522E43 /* Base */,
			);
			name = Main.storyboard;
			sourceTree = "<group>";
		};
		DF63B3A0228D0AF700522E43 /* LaunchScreen.storyboard */ = {
			isa = PBXVariantGroup;
			children = (
				DF63B3A1228D0AF700522E43 /* Base */,
			);
			name = LaunchScreen.storyboard;
			sourceTree = "<group>";
		};
/* End PBXVariantGroup section */

/* Begin XCBuildConfiguration section */
		DF63B3AF228D0AF700522E43 /* Debug */ = {
			isa = XCBuildConfiguration;
			buildSettings = {
				ALWAYS_SEARCH_USER_PATHS = NO;
				CLANG_ANALYZER_NONNULL = YES;
				CLANG_ANALYZER_NUMBER_OBJECT_CONVERSION = YES_AGGRESSIVE;
				CLANG_CXX_LANGUAGE_STANDARD = "gnu++14";
				CLANG_CXX_LIBRARY = "libc++";
				CLANG_ENABLE_MODULES = YES;
				CLANG_ENABLE_OBJC_ARC = YES;
				CLANG_ENABLE_OBJC_WEAK = YES;
				CLANG_WARN_BLOCK_CAPTURE_AUTORELEASING = YES;
				CLANG_WARN_BOOL_CONVERSION = YES;
				CLANG_WARN_COMMA = YES;
				CLANG_WARN_CONSTANT_CONVERSION = YES;
				CLANG_WARN_DEPRECATED_OBJC_IMPLEMENTATIONS = YES;
				CLANG_WARN_DIRECT_OBJC_ISA_USAGE = YES_ERROR;
				CLANG_WARN_DOCUMENTATION_COMMENTS = YES;
				CLANG_WARN_EMPTY_BODY = YES;
				CLANG_WARN_ENUM_CONVERSION = YES;
				CLANG_WARN_INFINITE_RECURSION = YES;
				CLANG_WARN_INT_CONVERSION = YES;
				CLANG_WARN_NON_LITERAL_NULL_CONVERSION = YES;
				CLANG_WARN_OBJC_IMPLICIT_RETAIN_SELF = YES;
				CLANG_WARN_OBJC_LITERAL_CONVERSION = YES;
				CLANG_WARN_OBJC_ROOT_CLASS = YES_ERROR;
				CLANG_WARN_RANGE_LOOP_ANALYSIS = YES;
				CLANG_WARN_STRICT_PROTOTYPES = YES;
				CLANG_WARN_SUSPICIOUS_MOVE = YES;
				CLANG_WARN_UNGUARDED_AVAILABILITY = YES_AGGRESSIVE;
				CLANG_WARN_UNREACHABLE_CODE = YES;
				CLANG_WARN__DUPLICATE_METHOD_MATCH = YES;
				CODE_SIGN_IDENTITY = "iPhone Developer";
				COPY_PHASE_STRIP = NO;
				DEBUG_INFORMATION_FORMAT = dwarf;
				ENABLE_STRICT_OBJC_MSGSEND = YES;
				ENABLE_TESTABILITY = YES;
				GCC_C_LANGUAGE_STANDARD = gnu11;
				GCC_DYNAMIC_NO_PIC = NO;
				GCC_NO_COMMON_BLOCKS = YES;
				GCC_OPTIMIZATION_LEVEL = 0;
				GCC_PREPROCESSOR_DEFINITIONS = (
					"DEBUG=1",
					"$(inherited)",
				);
				GCC_WARN_64_TO_32_BIT_CONVERSION = YES;
				GCC_WARN_ABOUT_RETURN_TYPE = YES_ERROR;
				GCC_WARN_UNDECLARED_SELECTOR = YES;
				GCC_WARN_UNINITIALIZED_AUTOS = YES_AGGRESSIVE;
				GCC_WARN_UNUSED_FUNCTION = YES;
				GCC_WARN_UNUSED_VARIABLE = YES;
				IPHONEOS_DEPLOYMENT_TARGET = 12.2;
				MTL_ENABLE_DEBUG_INFO = INCLUDE_SOURCE;
				MTL_FAST_MATH = YES;
				ONLY_ACTIVE_ARCH = YES;
				SDKROOT = iphoneos;
				SWIFT_ACTIVE_COMPILATION_CONDITIONS = DEBUG;
				SWIFT_OPTIMIZATION_LEVEL = "-Onone";
			};
			name = Debug;
		};
		DF63B3B0228D0AF700522E43 /* Release */ = {
			isa = XCBuildConfiguration;
			buildSettings = {
				ALWAYS_SEARCH_USER_PATHS = NO;
				CLANG_ANALYZER_NONNULL = YES;
				CLANG_ANALYZER_NUMBER_OBJECT_CONVERSION = YES_AGGRESSIVE;
				CLANG_CXX_LANGUAGE_STANDARD = "gnu++14";
				CLANG_CXX_LIBRARY = "libc++";
				CLANG_ENABLE_MODULES = YES;
				CLANG_ENABLE_OBJC_ARC = YES;
				CLANG_ENABLE_OBJC_WEAK = YES;
				CLANG_WARN_BLOCK_CAPTURE_AUTORELEASING = YES;
				CLANG_WARN_BOOL_CONVERSION = YES;
				CLANG_WARN_COMMA = YES;
				CLANG_WARN_CONSTANT_CONVERSION = YES;
				CLANG_WARN_DEPRECATED_OBJC_IMPLEMENTATIONS = YES;
				CLANG_WARN_DIRECT_OBJC_ISA_USAGE = YES_ERROR;
				CLANG_WARN_DOCUMENTATION_COMMENTS = YES;
				CLANG_WARN_EMPTY_BODY = YES;
				CLANG_WARN_ENUM_CONVERSION = YES;
				CLANG_WARN_INFINITE_RECURSION = YES;
				CLANG_WARN_INT_CONVERSION = YES;
				CLANG_WARN_NON_LITERAL_NULL_CONVERSION = YES;
				CLANG_WARN_OBJC_IMPLICIT_RETAIN_SELF = YES;
				CLANG_WARN_OBJC_LITERAL_CONVERSION = YES;
				CLANG_WARN_OBJC_ROOT_CLASS = YES_ERROR;
				CLANG_WARN_RANGE_LOOP_ANALYSIS = YES;
				CLANG_WARN_STRICT_PROTOTYPES = YES;
				CLANG_WARN_SUSPICIOUS_MOVE = YES;
				CLANG_WARN_UNGUARDED_AVAILABILITY = YES_AGGRESSIVE;
				CLANG_WARN_UNREACHABLE_CODE = YES;
				CLANG_WARN__DUPLICATE_METHOD_MATCH = YES;
				CODE_SIGN_IDENTITY = "iPhone Developer";
				COPY_PHASE_STRIP = NO;
				DEBUG_INFORMATION_FORMAT = "dwarf-with-dsym";
				ENABLE_NS_ASSERTIONS = NO;
				ENABLE_STRICT_OBJC_MSGSEND = YES;
				GCC_C_LANGUAGE_STANDARD = gnu11;
				GCC_NO_COMMON_BLOCKS = YES;
				GCC_WARN_64_TO_32_BIT_CONVERSION = YES;
				GCC_WARN_ABOUT_RETURN_TYPE = YES_ERROR;
				GCC_WARN_UNDECLARED_SELECTOR = YES;
				GCC_WARN_UNINITIALIZED_AUTOS = YES_AGGRESSIVE;
				GCC_WARN_UNUSED_FUNCTION = YES;
				GCC_WARN_UNUSED_VARIABLE = YES;
				IPHONEOS_DEPLOYMENT_TARGET = 12.2;
				MTL_ENABLE_DEBUG_INFO = NO;
				MTL_FAST_MATH = YES;
				SDKROOT = iphoneos;
				SWIFT_COMPILATION_MODE = wholemodule;
				SWIFT_OPTIMIZATION_LEVEL = "-O";
				VALIDATE_PRODUCT = YES;
			};
			name = Release;
		};
		DF63B3B2228D0AF700522E43 /* Debug */ = {
			isa = XCBuildConfiguration;
			buildSettings = {
				ASSETCATALOG_COMPILER_APPICON_NAME = AppIcon;
				CODE_SIGN_STYLE = Automatic;
				DEVELOPMENT_TEAM = DHX8A3868D;
				INFOPLIST_FILE = ToDoApp/Info.plist;
				LD_RUNPATH_SEARCH_PATHS = (
					"$(inherited)",
					"@executable_path/Frameworks",
				);
				PRODUCT_BUNDLE_IDENTIFIER = sfsu917014324.ToDoApp;
				PRODUCT_NAME = "$(TARGET_NAME)";
				SWIFT_VERSION = 5.0;
				TARGETED_DEVICE_FAMILY = "1,2";
			};
			name = Debug;
		};
		DF63B3B3228D0AF700522E43 /* Release */ = {
			isa = XCBuildConfiguration;
			buildSettings = {
				ASSETCATALOG_COMPILER_APPICON_NAME = AppIcon;
				CODE_SIGN_STYLE = Automatic;
				DEVELOPMENT_TEAM = DHX8A3868D;
				INFOPLIST_FILE = ToDoApp/Info.plist;
				LD_RUNPATH_SEARCH_PATHS = (
					"$(inherited)",
					"@executable_path/Frameworks",
				);
				PRODUCT_BUNDLE_IDENTIFIER = sfsu917014324.ToDoApp;
				PRODUCT_NAME = "$(TARGET_NAME)";
				SWIFT_VERSION = 5.0;
				TARGETED_DEVICE_FAMILY = "1,2";
			};
			name = Release;
		};
		DF63B3B5228D0AF700522E43 /* Debug */ = {
			isa = XCBuildConfiguration;
			buildSettings = {
				ALWAYS_EMBED_SWIFT_STANDARD_LIBRARIES = YES;
				BUNDLE_LOADER = "$(TEST_HOST)";
				CODE_SIGN_STYLE = Automatic;
				DEVELOPMENT_TEAM = DHX8A3868D;
				INFOPLIST_FILE = ToDoAppTests/Info.plist;
				LD_RUNPATH_SEARCH_PATHS = (
					"$(inherited)",
					"@executable_path/Frameworks",
					"@loader_path/Frameworks",
				);
				PRODUCT_BUNDLE_IDENTIFIER = sfsu917014324.ToDoAppTests;
				PRODUCT_NAME = "$(TARGET_NAME)";
				SWIFT_VERSION = 5.0;
				TARGETED_DEVICE_FAMILY = "1,2";
				TEST_HOST = "$(BUILT_PRODUCTS_DIR)/ToDoApp.app/ToDoApp";
			};
			name = Debug;
		};
		DF63B3B6228D0AF700522E43 /* Release */ = {
			isa = XCBuildConfiguration;
			buildSettings = {
				ALWAYS_EMBED_SWIFT_STANDARD_LIBRARIES = YES;
				BUNDLE_LOADER = "$(TEST_HOST)";
				CODE_SIGN_STYLE = Automatic;
				DEVELOPMENT_TEAM = DHX8A3868D;
				INFOPLIST_FILE = ToDoAppTests/Info.plist;
				LD_RUNPATH_SEARCH_PATHS = (
					"$(inherited)",
					"@executable_path/Frameworks",
					"@loader_path/Frameworks",
				);
				PRODUCT_BUNDLE_IDENTIFIER = sfsu917014324.ToDoAppTests;
				PRODUCT_NAME = "$(TARGET_NAME)";
				SWIFT_VERSION = 5.0;
				TARGETED_DEVICE_FAMILY = "1,2";
				TEST_HOST = "$(BUILT_PRODUCTS_DIR)/ToDoApp.app/ToDoApp";
			};
			name = Release;
		};
/* End XCBuildConfiguration section */

/* Begin XCConfigurationList section */
		DF63B38F228D0AF300522E43 /* Build configuration list for PBXProject "ToDoApp" */ = {
			isa = XCConfigurationList;
			buildConfigurations = (
				DF63B3AF228D0AF700522E43 /* Debug */,
				DF63B3B0228D0AF700522E43 /* Release */,
			);
			defaultConfigurationIsVisible = 0;
			defaultConfigurationName = Release;
		};
		DF63B3B1228D0AF700522E43 /* Build configuration list for PBXNativeTarget "ToDoApp" */ = {
			isa = XCConfigurationList;
			buildConfigurations = (
				DF63B3B2228D0AF700522E43 /* Debug */,
				DF63B3B3228D0AF700522E43 /* Release */,
			);
			defaultConfigurationIsVisible = 0;
			defaultConfigurationName = Release;
		};
		DF63B3B4228D0AF700522E43 /* Build configuration list for PBXNativeTarget "ToDoAppTests" */ = {
			isa = XCConfigurationList;
			buildConfigurations = (
				DF63B3B5228D0AF700522E43 /* Debug */,
				DF63B3B6228D0AF700522E43 /* Release */,
			);
			defaultConfigurationIsVisible = 0;
			defaultConfigurationName = Release;
		};
/* End XCConfigurationList section */
	};
	rootObject = DF63B38C228D0AF300522E43 /* Project object */;
}
